schema: '2.0'
stages:
  load_data:
    cmd: python src/load_data.py --config=params.yaml
    deps:
    - path: data_given/insurance.csv
      md5: 1e336f97963437f5f9579ae9ca385680
      size: 50264
    - path: src/get_data.py
      md5: d474cbe63815e088245ea6a856af7427
      size: 653
    - path: src/load_data.py
      md5: 5b859a356f5f6c4feb1903ed2fd89c07
      size: 597
    outs:
    - path: data/raw/insurance.csv
      md5: 5a64c6a34169eb73c789fe66d1aaf5d6
      size: 51634
  split_data:
    cmd: python src/split_data.py --config=params.yaml
    deps:
    - path: data/raw/Insurance.csv
      md5: 5a64c6a34169eb73c789fe66d1aaf5d6
      size: 51634
    - path: src/split_data.py
      md5: 274839c4c6513495af56300001e719a7
      size: 1083
    outs:
    - path: data/processed/test_Insurance.csv
      md5: 61507a22a718a774addb4aa58e949468
      size: 2634
    - path: data/processed/train_Insurance.csv
      md5: 8f42dfa05f6e58e5a894c80d552e2bb6
      size: 49045
  clean_data:
    cmd: python src/clean_data.py --config=params.yaml
    deps:
    - path: data/processed/test_Insurance.csv
      md5: 61507a22a718a774addb4aa58e949468
      size: 2634
    - path: data/processed/train_Insurance.csv
      md5: 8f42dfa05f6e58e5a894c80d552e2bb6
      size: 49045
    - path: src/clean_data.py
      md5: fbd4674ce2ce86bad3b5f2c20debd535
      size: 1545
    outs:
    - path: data/cleaned/test_Insurance.csv
      md5: 74340cf66e9088a876afb3e4bacdefa7
      size: 1745
    - path: data/cleaned/train_Insurance.csv
      md5: 5a76480ae7e4b95ee9fa5af78591c981
      size: 32280
  train_and_evaluate:
    cmd: python src/train_and_evaluate.py --config=params.yaml
    deps:
    - path: data/cleaned/test_Insurance.csv
      md5: 74340cf66e9088a876afb3e4bacdefa7
      size: 1745
    - path: data/cleaned/train_Insurance.csv
      md5: 5a76480ae7e4b95ee9fa5af78591c981
      size: 32280
    - path: src/train_and_evaluate.py
      md5: 10e60f1c3ac8555fc699ce6bd6cbe612
      size: 2803
    params:
      params.yaml:
        estimators.DecisionTreeRegressor.params.max_depth: 5
        estimators.DecisionTreeRegressor.params.min_samples_split: 20
    outs:
    - path: report/params.json
      md5: 12dfb44b63f9352dd9d5cd34844a7246
      size: 54
    - path: report/scores.json
      md5: 517dd65c91f19cf72cc47b7d13fee2f6
      size: 98
    - path: saved_models/model.joblib
      md5: 81011bdc882c0a384420e2354b13e01d
      size: 4927
